
Microsoft Visual Studio Solution File, Format Version 12.00
# Visual Studio Version 17
VisualStudioVersion = 17.14.36414.22
MinimumVisualStudioVersion = 10.0.40219.1
Project("{2150E333-8FDC-42A3-9474-1A3956D46DE8}") = "Task0", "Task0", "{02EA681E-C7D8-13C7-8484-4AC65E1B71E8}"
EndProject
Project("{FAE04EC0-301F-11D3-BF4B-00C04F79EFBC}") = "Tyuiu.MorozovKE.Sprint0.Task0.V0", "Tyuiu.MorozovKE.Sprint0.Task0.V0\Tyuiu.MorozovKE.Sprint0.Task0.V0.csproj", "{312C10EE-DC6D-4172-8980-C1976C96ABC2}"
EndProject
Project("{2150E333-8FDC-42A3-9474-1A3956D46DE8}") = "Task1", "Task1", "{7279F3EB-7E84-4796-B1CA-742BA070B74F}"
EndProject
Project("{FAE04EC0-301F-11D3-BF4B-00C04F79EFBC}") = "Tyuiu.MorozovKE.Sprint0.Task1.V0", "Tyuiu.MorozovKE.Sprint0.Task1.V0\Tyuiu.MorozovKE.Sprint0.Task1.V0.csproj", "{8C153C14-3374-44DF-8780-09AA97BBF37E}"
EndProject
Project("{2150E333-8FDC-42A3-9474-1A3956D46DE8}") = "Task2", "Task2", "{FABF39A8-A6CF-4D73-9873-B219F9E29B12}"
EndProject
Project("{FAE04EC0-301F-11D3-BF4B-00C04F79EFBC}") = "Tyuiu.MorozovKE.Sprint0.Task2.V0", "Tyuiu.MorozovKe.Sprint0.Task2.V0\Tyuiu.MorozovKE.Sprint0.Task2.V0.csproj", "{9D0B1F4A-4F83-4318-9E6D-5322A7BFA77F}"
EndProject
Project("{FAE04EC0-301F-11D3-BF4B-00C04F79EFBC}") = "Tyuiu.MorozovKE.Sprint0.Task2.V0.Lib", "Tyuiu.MorozovKE.Sprint0.Task2.V0.Lib\Tyuiu.MorozovKE.Sprint0.Task2.V0.Lib.csproj", "{8E3B524A-668B-43CB-B2B1-BA50B200C0F0}"
EndProject
Project("{FAE04EC0-301F-11D3-BF4B-00C04F79EFBC}") = "Tyuiu.MorozovKE.Sprint0.Task2.V0.Test", "Tyuiu.MorozovKE.Sprint0.Task2.V0.Test\Tyuiu.MorozovKE.Sprint0.Task2.V0.Test.csproj", "{2D9D3353-2620-4E35-AA89-276B650F661B}"
EndProject
Project("{2150E333-8FDC-42A3-9474-1A3956D46DE8}") = "Task3", "Task3", "{9F75AE44-8BA9-4E45-8EC5-91EEDEFF3256}"
EndProject
Project("{FAE04EC0-301F-11D3-BF4B-00C04F79EFBC}") = "Tyuiu.MorozovKE.Sprint0.Task3.V0", "Tyuiu.MorozovKE.Sprint0.Task3.V0\Tyuiu.MorozovKE.Sprint0.Task3.V0.csproj", "{7AF9E481-B2C6-49E8-AEA5-07E201063D46}"
EndProject
Project("{FAE04EC0-301F-11D3-BF4B-00C04F79EFBC}") = "Tyuiu.MorozovKE.Sprint0.Task3.V0.Lib", "Tyuiu.MorozovKE.Sprint0.Task3.V0.Lib\Tyuiu.MorozovKE.Sprint0.Task3.V0.Lib.csproj", "{D66B18B8-7AA7-4B8C-936C-7AA66A30A06F}"
EndProject
Project("{FAE04EC0-301F-11D3-BF4B-00C04F79EFBC}") = "Tyuiu.MorozovKE.Sprint0.Task3.Test", "Tyuiu.MorozovKE.Sprint0.Task3.Test\Tyuiu.MorozovKE.Sprint0.Task3.Test.csproj", "{AF62D41D-9977-4171-9FAD-39E182CE6B91}"
EndProject
Project("{2150E333-8FDC-42A3-9474-1A3956D46DE8}") = "Task4", "Task4", "{D25CE085-C462-44E0-9DCA-AF704BB2D5DD}"
EndProject
Project("{FAE04EC0-301F-11D3-BF4B-00C04F79EFBC}") = "Tyuiu.MorozovKE.Sprint0.Task4.V0", "Tyuiu.MorozovKE.Sprint0.Task4.V0\Tyuiu.MorozovKE.Sprint0.Task4.V0.csproj", "{D11DC1F9-086D-4FA5-BAD2-F107101724C7}"
EndProject
Project("{FAE04EC0-301F-11D3-BF4B-00C04F79EFBC}") = "Tyuiu.MorozovKE.Sprint0.Task4.V0.Lib", "Tyuiu.MorozovKE.Sprint0.Task4.V0.Lib\Tyuiu.MorozovKE.Sprint0.Task4.V0.Lib.csproj", "{AF036011-1913-44A3-8272-AF6C33800766}"
EndProject
Project("{FAE04EC0-301F-11D3-BF4B-00C04F79EFBC}") = "Tyuiu.MorozovKE.Sprint0.Task4.V0.Test", "Tyuiu.MorozovKE.Sprint0.Task4.V0.Test\Tyuiu.MorozovKE.Sprint0.Task4.V0.Test.csproj", "{0AEE9B17-B771-45D4-B22D-B7DA81F17B87}"
EndProject
Global
	GlobalSection(SolutionConfigurationPlatforms) = preSolution
		Debug|Any CPU = Debug|Any CPU
		Release|Any CPU = Release|Any CPU
	EndGlobalSection
	GlobalSection(ProjectConfigurationPlatforms) = postSolution
		{312C10EE-DC6D-4172-8980-C1976C96ABC2}.Debug|Any CPU.ActiveCfg = Debug|Any CPU
		{312C10EE-DC6D-4172-8980-C1976C96ABC2}.Debug|Any CPU.Build.0 = Debug|Any CPU
		{312C10EE-DC6D-4172-8980-C1976C96ABC2}.Release|Any CPU.ActiveCfg = Release|Any CPU
		{312C10EE-DC6D-4172-8980-C1976C96ABC2}.Release|Any CPU.Build.0 = Release|Any CPU
		{8C153C14-3374-44DF-8780-09AA97BBF37E}.Debug|Any CPU.ActiveCfg = Debug|Any CPU
		{8C153C14-3374-44DF-8780-09AA97BBF37E}.Debug|Any CPU.Build.0 = Debug|Any CPU
		{8C153C14-3374-44DF-8780-09AA97BBF37E}.Release|Any CPU.ActiveCfg = Release|Any CPU
		{8C153C14-3374-44DF-8780-09AA97BBF37E}.Release|Any CPU.Build.0 = Release|Any CPU
		{9D0B1F4A-4F83-4318-9E6D-5322A7BFA77F}.Debug|Any CPU.ActiveCfg = Debug|Any CPU
		{9D0B1F4A-4F83-4318-9E6D-5322A7BFA77F}.Debug|Any CPU.Build.0 = Debug|Any CPU
		{9D0B1F4A-4F83-4318-9E6D-5322A7BFA77F}.Release|Any CPU.ActiveCfg = Release|Any CPU
		{9D0B1F4A-4F83-4318-9E6D-5322A7BFA77F}.Release|Any CPU.Build.0 = Release|Any CPU
		{8E3B524A-668B-43CB-B2B1-BA50B200C0F0}.Debug|Any CPU.ActiveCfg = Debug|Any CPU
		{8E3B524A-668B-43CB-B2B1-BA50B200C0F0}.Debug|Any CPU.Build.0 = Debug|Any CPU
		{8E3B524A-668B-43CB-B2B1-BA50B200C0F0}.Release|Any CPU.ActiveCfg = Release|Any CPU
		{8E3B524A-668B-43CB-B2B1-BA50B200C0F0}.Release|Any CPU.Build.0 = Release|Any CPU
		{2D9D3353-2620-4E35-AA89-276B650F661B}.Debug|Any CPU.ActiveCfg = Debug|Any CPU
		{2D9D3353-2620-4E35-AA89-276B650F661B}.Debug|Any CPU.Build.0 = Debug|Any CPU
		{2D9D3353-2620-4E35-AA89-276B650F661B}.Release|Any CPU.ActiveCfg = Release|Any CPU
		{2D9D3353-2620-4E35-AA89-276B650F661B}.Release|Any CPU.Build.0 = Release|Any CPU
		{7AF9E481-B2C6-49E8-AEA5-07E201063D46}.Debug|Any CPU.ActiveCfg = Debug|Any CPU
		{7AF9E481-B2C6-49E8-AEA5-07E201063D46}.Debug|Any CPU.Build.0 = Debug|Any CPU
		{7AF9E481-B2C6-49E8-AEA5-07E201063D46}.Release|Any CPU.ActiveCfg = Release|Any CPU
		{7AF9E481-B2C6-49E8-AEA5-07E201063D46}.Release|Any CPU.Build.0 = Release|Any CPU
		{D66B18B8-7AA7-4B8C-936C-7AA66A30A06F}.Debug|Any CPU.ActiveCfg = Debug|Any CPU
		{D66B18B8-7AA7-4B8C-936C-7AA66A30A06F}.Debug|Any CPU.Build.0 = Debug|Any CPU
		{D66B18B8-7AA7-4B8C-936C-7AA66A30A06F}.Release|Any CPU.ActiveCfg = Release|Any CPU
		{D66B18B8-7AA7-4B8C-936C-7AA66A30A06F}.Release|Any CPU.Build.0 = Release|Any CPU
		{AF62D41D-9977-4171-9FAD-39E182CE6B91}.Debug|Any CPU.ActiveCfg = Debug|Any CPU
		{AF62D41D-9977-4171-9FAD-39E182CE6B91}.Debug|Any CPU.Build.0 = Debug|Any CPU
		{AF62D41D-9977-4171-9FAD-39E182CE6B91}.Release|Any CPU.ActiveCfg = Release|Any CPU
		{AF62D41D-9977-4171-9FAD-39E182CE6B91}.Release|Any CPU.Build.0 = Release|Any CPU
		{D11DC1F9-086D-4FA5-BAD2-F107101724C7}.Debug|Any CPU.ActiveCfg = Debug|Any CPU
		{D11DC1F9-086D-4FA5-BAD2-F107101724C7}.Debug|Any CPU.Build.0 = Debug|Any CPU
		{D11DC1F9-086D-4FA5-BAD2-F107101724C7}.Release|Any CPU.ActiveCfg = Release|Any CPU
		{D11DC1F9-086D-4FA5-BAD2-F107101724C7}.Release|Any CPU.Build.0 = Release|Any CPU
		{AF036011-1913-44A3-8272-AF6C33800766}.Debug|Any CPU.ActiveCfg = Debug|Any CPU
		{AF036011-1913-44A3-8272-AF6C33800766}.Debug|Any CPU.Build.0 = Debug|Any CPU
		{AF036011-1913-44A3-8272-AF6C33800766}.Release|Any CPU.ActiveCfg = Release|Any CPU
		{AF036011-1913-44A3-8272-AF6C33800766}.Release|Any CPU.Build.0 = Release|Any CPU
		{0AEE9B17-B771-45D4-B22D-B7DA81F17B87}.Debug|Any CPU.ActiveCfg = Debug|Any CPU
		{0AEE9B17-B771-45D4-B22D-B7DA81F17B87}.Debug|Any CPU.Build.0 = Debug|Any CPU
		{0AEE9B17-B771-45D4-B22D-B7DA81F17B87}.Release|Any CPU.ActiveCfg = Release|Any CPU
		{0AEE9B17-B771-45D4-B22D-B7DA81F17B87}.Release|Any CPU.Build.0 = Release|Any CPU
	EndGlobalSection
	GlobalSection(SolutionProperties) = preSolution
		HideSolutionNode = FALSE
	EndGlobalSection
	GlobalSection(NestedProjects) = preSolution
		{312C10EE-DC6D-4172-8980-C1976C96ABC2} = {02EA681E-C7D8-13C7-8484-4AC65E1B71E8}
		{8C153C14-3374-44DF-8780-09AA97BBF37E} = {7279F3EB-7E84-4796-B1CA-742BA070B74F}
		{9D0B1F4A-4F83-4318-9E6D-5322A7BFA77F} = {FABF39A8-A6CF-4D73-9873-B219F9E29B12}
		{8E3B524A-668B-43CB-B2B1-BA50B200C0F0} = {FABF39A8-A6CF-4D73-9873-B219F9E29B12}
		{2D9D3353-2620-4E35-AA89-276B650F661B} = {FABF39A8-A6CF-4D73-9873-B219F9E29B12}
		{7AF9E481-B2C6-49E8-AEA5-07E201063D46} = {9F75AE44-8BA9-4E45-8EC5-91EEDEFF3256}
		{D66B18B8-7AA7-4B8C-936C-7AA66A30A06F} = {9F75AE44-8BA9-4E45-8EC5-91EEDEFF3256}
		{AF62D41D-9977-4171-9FAD-39E182CE6B91} = {9F75AE44-8BA9-4E45-8EC5-91EEDEFF3256}
		{D11DC1F9-086D-4FA5-BAD2-F107101724C7} = {D25CE085-C462-44E0-9DCA-AF704BB2D5DD}
		{AF036011-1913-44A3-8272-AF6C33800766} = {D25CE085-C462-44E0-9DCA-AF704BB2D5DD}
		{0AEE9B17-B771-45D4-B22D-B7DA81F17B87} = {D25CE085-C462-44E0-9DCA-AF704BB2D5DD}
	EndGlobalSection
	GlobalSection(ExtensibilityGlobals) = postSolution
		SolutionGuid = {01FF6939-9EAC-4051-893F-512A5E8A0D72}
	EndGlobalSection
EndGlobal
